
Microsoft Visual Studio Solution File, Format Version 11.00
# Visual C++ Express 2010
Project("{8BC9CEB8-8B4A-11D0-8D11-00A0C91BC942}") = "MDFtoC3D", "MDFtoC3D\MDFtoC3D.vcxproj", "{B6B67F52-0AF3-4663-92C3-154B6B35625E}"
EndProject
Project("{8BC9CEB8-8B4A-11D0-8D11-00A0C91BC942}") = "Useful", "Useful\Useful.vcxproj", "{9DCDABB9-8979-4EF4-9D74-10ED8C1D7A56}"
EndProject
Project("{8BC9CEB8-8B4A-11D0-8D11-00A0C91BC942}") = "VectorsMixin", "VectorsMixin\VectorsMixin.vcxproj", "{6565A1CE-B49E-4E86-A49E-C5080DF46B31}"
EndProject
Global
	GlobalSection(SolutionConfigurationPlatforms) = preSolution
		Debug|Win32 = Debug|Win32
		Release|Win32 = Release|Win32
	EndGlobalSection
	GlobalSection(ProjectConfigurationPlatforms) = postSolution
		{B6B67F52-0AF3-4663-92C3-154B6B35625E}.Debug|Win32.ActiveCfg = Debug|Win32
		{B6B67F52-0AF3-4663-92C3-154B6B35625E}.Debug|Win32.Build.0 = Debug|Win32
		{B6B67F52-0AF3-4663-92C3-154B6B35625E}.Release|Win32.ActiveCfg = Release|Win32
		{B6B67F52-0AF3-4663-92C3-154B6B35625E}.Release|Win32.Build.0 = Release|Win32
		{9DCDABB9-8979-4EF4-9D74-10ED8C1D7A56}.Debug|Win32.ActiveCfg = Debug|Win32
		{9DCDABB9-8979-4EF4-9D74-10ED8C1D7A56}.Debug|Win32.Build.0 = Debug|Win32
		{9DCDABB9-8979-4EF4-9D74-10ED8C1D7A56}.Release|Win32.ActiveCfg = Release|Win32
		{9DCDABB9-8979-4EF4-9D74-10ED8C1D7A56}.Release|Win32.Build.0 = Release|Win32
		{6565A1CE-B49E-4E86-A49E-C5080DF46B31}.Debug|Win32.ActiveCfg = Debug|Win32
		{6565A1CE-B49E-4E86-A49E-C5080DF46B31}.Debug|Win32.Build.0 = Debug|Win32
		{6565A1CE-B49E-4E86-A49E-C5080DF46B31}.Release|Win32.ActiveCfg = Release|Win32
		{6565A1CE-B49E-4E86-A49E-C5080DF46B31}.Release|Win32.Build.0 = Release|Win32
	EndGlobalSection
	GlobalSection(SolutionProperties) = preSolution
		HideSolutionNode = FALSE
	EndGlobalSection
EndGlobal
